
Microsoft Visual Studio Solution File, Format Version 12.00
# Visual Studio 15
VisualStudioVersion = 15.0.25807.0
MinimumVisualStudioVersion = 10.0.40219.1
Project("{2150E333-8FDC-42A3-9474-1A3956D46DE8}") = "Engine", "Engine", "{C222E3EC-F51C-45ED-A923-11330E29ABC6}"
EndProject
Project("{2150E333-8FDC-42A3-9474-1A3956D46DE8}") = "Games", "Games", "{CA893731-3562-4420-A270-6402DAF87032}"
EndProject
Project("{8BC9CEB8-8B4A-11D0-8D11-00A0C91BC942}") = "UE4_ffmpeg", "Intermediate\ProjectFiles\UE4_ffmpeg.vcxproj", "{6C049976-FBBD-412A-91B8-1D260E018738}"
EndProject
Project("{8BC9CEB8-8B4A-11D0-8D11-00A0C91BC942}") = "UE4", "Intermediate\ProjectFiles\UE4.vcxproj", "{92176D2B-E5FB-4798-B25C-D0E1688B318B}"
EndProject
Project("{2150E333-8FDC-42A3-9474-1A3956D46DE8}") = "Visualizers", "Visualizers", "{C772ACDD-80CD-41A1-9B46-CEE88415A8AA}"
	ProjectSection(SolutionItems) = preProject
		..\..\..\uneal\UE_4.22\Engine\Extras\VisualStudioDebugging\UE4.natvis = ..\..\..\uneal\UE_4.22\Engine\Extras\VisualStudioDebugging\UE4.natvis
	EndProjectSection
EndProject
Global
	GlobalSection(SolutionConfigurationPlatforms) = preSolution
		DebugGame Editor|Win32 = DebugGame Editor|Win32
		DebugGame Editor|Win64 = DebugGame Editor|Win64
		DebugGame|Win32 = DebugGame|Win32
		DebugGame|Win64 = DebugGame|Win64
		Development Editor|Win32 = Development Editor|Win32
		Development Editor|Win64 = Development Editor|Win64
		Development|Win32 = Development|Win32
		Development|Win64 = Development|Win64
		Shipping|Win32 = Shipping|Win32
		Shipping|Win64 = Shipping|Win64
	EndGlobalSection
	GlobalSection(ProjectConfigurationPlatforms) = postSolution
		{6C049976-FBBD-412A-91B8-1D260E018738}.DebugGame Editor|Win32.ActiveCfg = Invalid|Win32
		{6C049976-FBBD-412A-91B8-1D260E018738}.DebugGame Editor|Win64.ActiveCfg = DebugGame_Editor|x64
		{6C049976-FBBD-412A-91B8-1D260E018738}.DebugGame Editor|Win64.Build.0 = DebugGame_Editor|x64
		{6C049976-FBBD-412A-91B8-1D260E018738}.DebugGame|Win32.ActiveCfg = DebugGame|Win32
		{6C049976-FBBD-412A-91B8-1D260E018738}.DebugGame|Win32.Build.0 = DebugGame|Win32
		{6C049976-FBBD-412A-91B8-1D260E018738}.DebugGame|Win64.ActiveCfg = DebugGame|x64
		{6C049976-FBBD-412A-91B8-1D260E018738}.DebugGame|Win64.Build.0 = DebugGame|x64
		{6C049976-FBBD-412A-91B8-1D260E018738}.Development Editor|Win32.ActiveCfg = Invalid|Win32
		{6C049976-FBBD-412A-91B8-1D260E018738}.Development Editor|Win64.ActiveCfg = Development_Editor|x64
		{6C049976-FBBD-412A-91B8-1D260E018738}.Development Editor|Win64.Build.0 = Development_Editor|x64
		{6C049976-FBBD-412A-91B8-1D260E018738}.Development|Win32.ActiveCfg = Development|Win32
		{6C049976-FBBD-412A-91B8-1D260E018738}.Development|Win32.Build.0 = Development|Win32
		{6C049976-FBBD-412A-91B8-1D260E018738}.Development|Win64.ActiveCfg = Development|x64
		{6C049976-FBBD-412A-91B8-1D260E018738}.Development|Win64.Build.0 = Development|x64
		{6C049976-FBBD-412A-91B8-1D260E018738}.Shipping|Win32.ActiveCfg = Shipping|Win32
		{6C049976-FBBD-412A-91B8-1D260E018738}.Shipping|Win32.Build.0 = Shipping|Win32
		{6C049976-FBBD-412A-91B8-1D260E018738}.Shipping|Win64.ActiveCfg = Shipping|x64
		{6C049976-FBBD-412A-91B8-1D260E018738}.Shipping|Win64.Build.0 = Shipping|x64
		{92176D2B-E5FB-4798-B25C-D0E1688B318B}.DebugGame Editor|Win32.ActiveCfg = BuiltWithUnrealBuildTool|Win32
		{92176D2B-E5FB-4798-B25C-D0E1688B318B}.DebugGame Editor|Win64.ActiveCfg = BuiltWithUnrealBuildTool|Win32
		{92176D2B-E5FB-4798-B25C-D0E1688B318B}.DebugGame|Win32.ActiveCfg = BuiltWithUnrealBuildTool|Win32
		{92176D2B-E5FB-4798-B25C-D0E1688B318B}.DebugGame|Win64.ActiveCfg = BuiltWithUnrealBuildTool|Win32
		{92176D2B-E5FB-4798-B25C-D0E1688B318B}.Development Editor|Win32.ActiveCfg = BuiltWithUnrealBuildTool|Win32
		{92176D2B-E5FB-4798-B25C-D0E1688B318B}.Development Editor|Win64.ActiveCfg = BuiltWithUnrealBuildTool|Win32
		{92176D2B-E5FB-4798-B25C-D0E1688B318B}.Development|Win32.ActiveCfg = BuiltWithUnrealBuildTool|Win32
		{92176D2B-E5FB-4798-B25C-D0E1688B318B}.Development|Win64.ActiveCfg = BuiltWithUnrealBuildTool|Win32
		{92176D2B-E5FB-4798-B25C-D0E1688B318B}.Shipping|Win32.ActiveCfg = BuiltWithUnrealBuildTool|Win32
		{92176D2B-E5FB-4798-B25C-D0E1688B318B}.Shipping|Win64.ActiveCfg = BuiltWithUnrealBuildTool|Win32
	EndGlobalSection
	GlobalSection(SolutionProperties) = preSolution
		HideSolutionNode = FALSE
	EndGlobalSection
	GlobalSection(NestedProjects) = preSolution
		{92176D2B-E5FB-4798-B25C-D0E1688B318B} = {C222E3EC-F51C-45ED-A923-11330E29ABC6}
		{6C049976-FBBD-412A-91B8-1D260E018738} = {CA893731-3562-4420-A270-6402DAF87032}
	EndGlobalSection
EndGlobal
