
Microsoft Visual Studio Solution File, Format Version 12.00
# Visual Studio Version 16
VisualStudioVersion = 16.0.28315.86
MinimumVisualStudioVersion = 10.0.40219.1
Project("{2150E333-8FDC-42A3-9474-1A3956D46DE8}") = "Engine", "Engine", "{94A6C6F3-99B3-346E-9557-ABF9D4064DBD}"
EndProject
Project("{2150E333-8FDC-42A3-9474-1A3956D46DE8}") = "Games", "Games", "{8E2F6A87-1826-34F4-940C-CC23A48F9FE4}"
EndProject
Project("{8BC9CEB8-8B4A-11D0-8D11-00A0C91BC942}") = "UE4", "Intermediate\ProjectFiles\UE4.vcxproj", "{844037EC-765B-4181-A80B-6515CEB29ADC}"
EndProject
Project("{8BC9CEB8-8B4A-11D0-8D11-00A0C91BC942}") = "UE4_ffmpeg", "Intermediate\ProjectFiles\UE4_ffmpeg.vcxproj", "{DE68A42E-D6BD-489E-B038-A92FB2389DFA}"
EndProject
Project("{2150E333-8FDC-42A3-9474-1A3956D46DE8}") = "Visualizers", "Visualizers", "{1CCEC849-CC72-4C59-8C36-2F7C38706D4C}"
	ProjectSection(SolutionItems) = preProject
		C:\Program Files\Epic Games\UE_4.27\Engine\Extras\VisualStudioDebugging\UE4.natvis = C:\Program Files\Epic Games\UE_4.27\Engine\Extras\VisualStudioDebugging\UE4.natvis
	EndProjectSection
EndProject
Global
	GlobalSection(SolutionConfigurationPlatforms) = preSolution
		DebugGame Editor|Android = DebugGame Editor|Android
		DebugGame Editor|HoloLens = DebugGame Editor|HoloLens
		DebugGame Editor|IOS = DebugGame Editor|IOS
		DebugGame Editor|Lumin = DebugGame Editor|Lumin
		DebugGame Editor|TVOS = DebugGame Editor|TVOS
		DebugGame Editor|Win32 = DebugGame Editor|Win32
		DebugGame Editor|Win64 = DebugGame Editor|Win64
		DebugGame|Android = DebugGame|Android
		DebugGame|HoloLens = DebugGame|HoloLens
		DebugGame|IOS = DebugGame|IOS
		DebugGame|Lumin = DebugGame|Lumin
		DebugGame|TVOS = DebugGame|TVOS
		DebugGame|Win32 = DebugGame|Win32
		DebugGame|Win64 = DebugGame|Win64
		Development Editor|Android = Development Editor|Android
		Development Editor|HoloLens = Development Editor|HoloLens
		Development Editor|IOS = Development Editor|IOS
		Development Editor|Lumin = Development Editor|Lumin
		Development Editor|TVOS = Development Editor|TVOS
		Development Editor|Win32 = Development Editor|Win32
		Development Editor|Win64 = Development Editor|Win64
		Development|Android = Development|Android
		Development|HoloLens = Development|HoloLens
		Development|IOS = Development|IOS
		Development|Lumin = Development|Lumin
		Development|TVOS = Development|TVOS
		Development|Win32 = Development|Win32
		Development|Win64 = Development|Win64
		Shipping|Android = Shipping|Android
		Shipping|HoloLens = Shipping|HoloLens
		Shipping|IOS = Shipping|IOS
		Shipping|Lumin = Shipping|Lumin
		Shipping|TVOS = Shipping|TVOS
		Shipping|Win32 = Shipping|Win32
		Shipping|Win64 = Shipping|Win64
	EndGlobalSection
	# Visual Assist Section
	GlobalSection(44630d46-96b5-488c-8df926e21db8c1a3) = preSolution
		ueSolution=true
	EndGlobalSection
	GlobalSection(ProjectConfigurationPlatforms) = postSolution
		{844037EC-765B-4181-A80B-6515CEB29ADC}.DebugGame Editor|Android.ActiveCfg = BuiltWithUnrealBuildTool|Win32
		{844037EC-765B-4181-A80B-6515CEB29ADC}.DebugGame Editor|HoloLens.ActiveCfg = BuiltWithUnrealBuildTool|Win32
		{844037EC-765B-4181-A80B-6515CEB29ADC}.DebugGame Editor|IOS.ActiveCfg = BuiltWithUnrealBuildTool|Win32
		{844037EC-765B-4181-A80B-6515CEB29ADC}.DebugGame Editor|Lumin.ActiveCfg = BuiltWithUnrealBuildTool|Win32
		{844037EC-765B-4181-A80B-6515CEB29ADC}.DebugGame Editor|TVOS.ActiveCfg = BuiltWithUnrealBuildTool|Win32
		{844037EC-765B-4181-A80B-6515CEB29ADC}.DebugGame Editor|Win32.ActiveCfg = BuiltWithUnrealBuildTool|Win32
		{844037EC-765B-4181-A80B-6515CEB29ADC}.DebugGame Editor|Win64.ActiveCfg = BuiltWithUnrealBuildTool|Win32
		{844037EC-765B-4181-A80B-6515CEB29ADC}.DebugGame|Android.ActiveCfg = BuiltWithUnrealBuildTool|Win32
		{844037EC-765B-4181-A80B-6515CEB29ADC}.DebugGame|HoloLens.ActiveCfg = BuiltWithUnrealBuildTool|Win32
		{844037EC-765B-4181-A80B-6515CEB29ADC}.DebugGame|IOS.ActiveCfg = BuiltWithUnrealBuildTool|Win32
		{844037EC-765B-4181-A80B-6515CEB29ADC}.DebugGame|Lumin.ActiveCfg = BuiltWithUnrealBuildTool|Win32
		{844037EC-765B-4181-A80B-6515CEB29ADC}.DebugGame|TVOS.ActiveCfg = BuiltWithUnrealBuildTool|Win32
		{844037EC-765B-4181-A80B-6515CEB29ADC}.DebugGame|Win32.ActiveCfg = BuiltWithUnrealBuildTool|Win32
		{844037EC-765B-4181-A80B-6515CEB29ADC}.DebugGame|Win64.ActiveCfg = BuiltWithUnrealBuildTool|Win32
		{844037EC-765B-4181-A80B-6515CEB29ADC}.Development Editor|Android.ActiveCfg = BuiltWithUnrealBuildTool|Win32
		{844037EC-765B-4181-A80B-6515CEB29ADC}.Development Editor|HoloLens.ActiveCfg = BuiltWithUnrealBuildTool|Win32
		{844037EC-765B-4181-A80B-6515CEB29ADC}.Development Editor|IOS.ActiveCfg = BuiltWithUnrealBuildTool|Win32
		{844037EC-765B-4181-A80B-6515CEB29ADC}.Development Editor|Lumin.ActiveCfg = BuiltWithUnrealBuildTool|Win32
		{844037EC-765B-4181-A80B-6515CEB29ADC}.Development Editor|TVOS.ActiveCfg = BuiltWithUnrealBuildTool|Win32
		{844037EC-765B-4181-A80B-6515CEB29ADC}.Development Editor|Win32.ActiveCfg = BuiltWithUnrealBuildTool|Win32
		{844037EC-765B-4181-A80B-6515CEB29ADC}.Development Editor|Win64.ActiveCfg = BuiltWithUnrealBuildTool|Win32
		{844037EC-765B-4181-A80B-6515CEB29ADC}.Development|Android.ActiveCfg = BuiltWithUnrealBuildTool|Win32
		{844037EC-765B-4181-A80B-6515CEB29ADC}.Development|HoloLens.ActiveCfg = BuiltWithUnrealBuildTool|Win32
		{844037EC-765B-4181-A80B-6515CEB29ADC}.Development|IOS.ActiveCfg = BuiltWithUnrealBuildTool|Win32
		{844037EC-765B-4181-A80B-6515CEB29ADC}.Development|Lumin.ActiveCfg = BuiltWithUnrealBuildTool|Win32
		{844037EC-765B-4181-A80B-6515CEB29ADC}.Development|TVOS.ActiveCfg = BuiltWithUnrealBuildTool|Win32
		{844037EC-765B-4181-A80B-6515CEB29ADC}.Development|Win32.ActiveCfg = BuiltWithUnrealBuildTool|Win32
		{844037EC-765B-4181-A80B-6515CEB29ADC}.Development|Win64.ActiveCfg = BuiltWithUnrealBuildTool|Win32
		{844037EC-765B-4181-A80B-6515CEB29ADC}.Shipping|Android.ActiveCfg = BuiltWithUnrealBuildTool|Win32
		{844037EC-765B-4181-A80B-6515CEB29ADC}.Shipping|HoloLens.ActiveCfg = BuiltWithUnrealBuildTool|Win32
		{844037EC-765B-4181-A80B-6515CEB29ADC}.Shipping|IOS.ActiveCfg = BuiltWithUnrealBuildTool|Win32
		{844037EC-765B-4181-A80B-6515CEB29ADC}.Shipping|Lumin.ActiveCfg = BuiltWithUnrealBuildTool|Win32
		{844037EC-765B-4181-A80B-6515CEB29ADC}.Shipping|TVOS.ActiveCfg = BuiltWithUnrealBuildTool|Win32
		{844037EC-765B-4181-A80B-6515CEB29ADC}.Shipping|Win32.ActiveCfg = BuiltWithUnrealBuildTool|Win32
		{844037EC-765B-4181-A80B-6515CEB29ADC}.Shipping|Win64.ActiveCfg = BuiltWithUnrealBuildTool|Win32
		{DE68A42E-D6BD-489E-B038-A92FB2389DFA}.DebugGame Editor|Android.ActiveCfg = Invalid|Win32
		{DE68A42E-D6BD-489E-B038-A92FB2389DFA}.DebugGame Editor|HoloLens.ActiveCfg = Invalid|Win32
		{DE68A42E-D6BD-489E-B038-A92FB2389DFA}.DebugGame Editor|IOS.ActiveCfg = Invalid|Win32
		{DE68A42E-D6BD-489E-B038-A92FB2389DFA}.DebugGame Editor|Lumin.ActiveCfg = Invalid|Win32
		{DE68A42E-D6BD-489E-B038-A92FB2389DFA}.DebugGame Editor|TVOS.ActiveCfg = Invalid|Win32
		{DE68A42E-D6BD-489E-B038-A92FB2389DFA}.DebugGame Editor|Win32.ActiveCfg = Invalid|Win32
		{DE68A42E-D6BD-489E-B038-A92FB2389DFA}.DebugGame Editor|Win64.ActiveCfg = DebugGame_Editor|x64
		{DE68A42E-D6BD-489E-B038-A92FB2389DFA}.DebugGame Editor|Win64.Build.0 = DebugGame_Editor|x64
		{DE68A42E-D6BD-489E-B038-A92FB2389DFA}.DebugGame|Android.ActiveCfg = Android_DebugGame|Win32
		{DE68A42E-D6BD-489E-B038-A92FB2389DFA}.DebugGame|Android.Build.0 = Android_DebugGame|Win32
		{DE68A42E-D6BD-489E-B038-A92FB2389DFA}.DebugGame|HoloLens.ActiveCfg = DebugGame|arm64
		{DE68A42E-D6BD-489E-B038-A92FB2389DFA}.DebugGame|HoloLens.Build.0 = DebugGame|arm64
		{DE68A42E-D6BD-489E-B038-A92FB2389DFA}.DebugGame|HoloLens.Deploy.0 = DebugGame|arm64
		{DE68A42E-D6BD-489E-B038-A92FB2389DFA}.DebugGame|IOS.ActiveCfg = IOS_DebugGame|Win32
		{DE68A42E-D6BD-489E-B038-A92FB2389DFA}.DebugGame|IOS.Build.0 = IOS_DebugGame|Win32
		{DE68A42E-D6BD-489E-B038-A92FB2389DFA}.DebugGame|Lumin.ActiveCfg = Lumin_DebugGame|Win32
		{DE68A42E-D6BD-489E-B038-A92FB2389DFA}.DebugGame|Lumin.Build.0 = Lumin_DebugGame|Win32
		{DE68A42E-D6BD-489E-B038-A92FB2389DFA}.DebugGame|TVOS.ActiveCfg = TVOS_DebugGame|Win32
		{DE68A42E-D6BD-489E-B038-A92FB2389DFA}.DebugGame|TVOS.Build.0 = TVOS_DebugGame|Win32
		{DE68A42E-D6BD-489E-B038-A92FB2389DFA}.DebugGame|Win32.ActiveCfg = DebugGame|Win32
		{DE68A42E-D6BD-489E-B038-A92FB2389DFA}.DebugGame|Win32.Build.0 = DebugGame|Win32
		{DE68A42E-D6BD-489E-B038-A92FB2389DFA}.DebugGame|Win64.ActiveCfg = DebugGame|x64
		{DE68A42E-D6BD-489E-B038-A92FB2389DFA}.DebugGame|Win64.Build.0 = DebugGame|x64
		{DE68A42E-D6BD-489E-B038-A92FB2389DFA}.Development Editor|Android.ActiveCfg = Invalid|Win32
		{DE68A42E-D6BD-489E-B038-A92FB2389DFA}.Development Editor|HoloLens.ActiveCfg = Invalid|Win32
		{DE68A42E-D6BD-489E-B038-A92FB2389DFA}.Development Editor|IOS.ActiveCfg = Invalid|Win32
		{DE68A42E-D6BD-489E-B038-A92FB2389DFA}.Development Editor|Lumin.ActiveCfg = Invalid|Win32
		{DE68A42E-D6BD-489E-B038-A92FB2389DFA}.Development Editor|TVOS.ActiveCfg = Invalid|Win32
		{DE68A42E-D6BD-489E-B038-A92FB2389DFA}.Development Editor|Win32.ActiveCfg = Invalid|Win32
		{DE68A42E-D6BD-489E-B038-A92FB2389DFA}.Development Editor|Win64.ActiveCfg = Development_Editor|x64
		{DE68A42E-D6BD-489E-B038-A92FB2389DFA}.Development Editor|Win64.Build.0 = Development_Editor|x64
		{DE68A42E-D6BD-489E-B038-A92FB2389DFA}.Development|Android.ActiveCfg = Android_Development|Win32
		{DE68A42E-D6BD-489E-B038-A92FB2389DFA}.Development|Android.Build.0 = Android_Development|Win32
		{DE68A42E-D6BD-489E-B038-A92FB2389DFA}.Development|HoloLens.ActiveCfg = Development|arm64
		{DE68A42E-D6BD-489E-B038-A92FB2389DFA}.Development|HoloLens.Build.0 = Development|arm64
		{DE68A42E-D6BD-489E-B038-A92FB2389DFA}.Development|HoloLens.Deploy.0 = Development|arm64
		{DE68A42E-D6BD-489E-B038-A92FB2389DFA}.Development|IOS.ActiveCfg = IOS_Development|Win32
		{DE68A42E-D6BD-489E-B038-A92FB2389DFA}.Development|IOS.Build.0 = IOS_Development|Win32
		{DE68A42E-D6BD-489E-B038-A92FB2389DFA}.Development|Lumin.ActiveCfg = Lumin_Development|Win32
		{DE68A42E-D6BD-489E-B038-A92FB2389DFA}.Development|Lumin.Build.0 = Lumin_Development|Win32
		{DE68A42E-D6BD-489E-B038-A92FB2389DFA}.Development|TVOS.ActiveCfg = TVOS_Development|Win32
		{DE68A42E-D6BD-489E-B038-A92FB2389DFA}.Development|TVOS.Build.0 = TVOS_Development|Win32
		{DE68A42E-D6BD-489E-B038-A92FB2389DFA}.Development|Win32.ActiveCfg = Development|Win32
		{DE68A42E-D6BD-489E-B038-A92FB2389DFA}.Development|Win32.Build.0 = Development|Win32
		{DE68A42E-D6BD-489E-B038-A92FB2389DFA}.Development|Win64.ActiveCfg = Development|x64
		{DE68A42E-D6BD-489E-B038-A92FB2389DFA}.Development|Win64.Build.0 = Development|x64
		{DE68A42E-D6BD-489E-B038-A92FB2389DFA}.Shipping|Android.ActiveCfg = Android_Shipping|Win32
		{DE68A42E-D6BD-489E-B038-A92FB2389DFA}.Shipping|Android.Build.0 = Android_Shipping|Win32
		{DE68A42E-D6BD-489E-B038-A92FB2389DFA}.Shipping|HoloLens.ActiveCfg = Shipping|arm64
		{DE68A42E-D6BD-489E-B038-A92FB2389DFA}.Shipping|HoloLens.Build.0 = Shipping|arm64
		{DE68A42E-D6BD-489E-B038-A92FB2389DFA}.Shipping|HoloLens.Deploy.0 = Shipping|arm64
		{DE68A42E-D6BD-489E-B038-A92FB2389DFA}.Shipping|IOS.ActiveCfg = IOS_Shipping|Win32
		{DE68A42E-D6BD-489E-B038-A92FB2389DFA}.Shipping|IOS.Build.0 = IOS_Shipping|Win32
		{DE68A42E-D6BD-489E-B038-A92FB2389DFA}.Shipping|Lumin.ActiveCfg = Lumin_Shipping|Win32
		{DE68A42E-D6BD-489E-B038-A92FB2389DFA}.Shipping|Lumin.Build.0 = Lumin_Shipping|Win32
		{DE68A42E-D6BD-489E-B038-A92FB2389DFA}.Shipping|TVOS.ActiveCfg = TVOS_Shipping|Win32
		{DE68A42E-D6BD-489E-B038-A92FB2389DFA}.Shipping|TVOS.Build.0 = TVOS_Shipping|Win32
		{DE68A42E-D6BD-489E-B038-A92FB2389DFA}.Shipping|Win32.ActiveCfg = Shipping|Win32
		{DE68A42E-D6BD-489E-B038-A92FB2389DFA}.Shipping|Win32.Build.0 = Shipping|Win32
		{DE68A42E-D6BD-489E-B038-A92FB2389DFA}.Shipping|Win64.ActiveCfg = Shipping|x64
		{DE68A42E-D6BD-489E-B038-A92FB2389DFA}.Shipping|Win64.Build.0 = Shipping|x64
	EndGlobalSection
	GlobalSection(SolutionProperties) = preSolution
		HideSolutionNode = FALSE
	EndGlobalSection
	GlobalSection(NestedProjects) = preSolution
		{844037EC-765B-4181-A80B-6515CEB29ADC} = {94A6C6F3-99B3-346E-9557-ABF9D4064DBD}
		{DE68A42E-D6BD-489E-B038-A92FB2389DFA} = {8E2F6A87-1826-34F4-940C-CC23A48F9FE4}
	EndGlobalSection
EndGlobal
