
Microsoft Visual Studio Solution File, Format Version 12.00
# Visual Studio Version 17
VisualStudioVersion = 17.0.31314.256
MinimumVisualStudioVersion = 10.0.40219.1
Project("{2150E333-8FDC-42A3-9474-1A3956D46DE8}") = "Engine", "Engine", "{233774A8-CC9D-3FA9-86D1-90573E92B704}"
EndProject
Project("{2150E333-8FDC-42A3-9474-1A3956D46DE8}") = "Games", "Games", "{DE1F8B53-6C02-3C13-9101-A7C8D96F3FF6}"
EndProject
Project("{8BC9CEB8-8B4A-11D0-8D11-00A0C91BC942}") = "UE5", "Intermediate\ProjectFiles\UE5.vcxproj", "{C428849E-236A-3180-A5BB-69AB6E1FFD66}"
EndProject
Project("{8BC9CEB8-8B4A-11D0-8D11-00A0C91BC942}") = "UE5_ffmpeg", "Intermediate\ProjectFiles\UE5_ffmpeg.vcxproj", "{E2FFC063-DBD5-39A3-92F0-A0DA419D95B6}"
EndProject
Project("{2150E333-8FDC-42A3-9474-1A3956D46DE8}") = "Visualizers", "Visualizers", "{1CCEC849-CC72-4C59-8C36-2F7C38706D4C}"
	ProjectSection(SolutionItems) = preProject
		D:\Epic\UE_5.0\Engine\Extras\VisualStudioDebugging\Unreal.natvis = D:\Epic\UE_5.0\Engine\Extras\VisualStudioDebugging\Unreal.natvis
	EndProjectSection
EndProject
Global
	GlobalSection(SolutionConfigurationPlatforms) = preSolution
		DebugGame Editor|Android = DebugGame Editor|Android
		DebugGame Editor|Linux = DebugGame Editor|Linux
		DebugGame Editor|LinuxArm64 = DebugGame Editor|LinuxArm64
		DebugGame Editor|Win64 = DebugGame Editor|Win64
		DebugGame|Android = DebugGame|Android
		DebugGame|Linux = DebugGame|Linux
		DebugGame|LinuxArm64 = DebugGame|LinuxArm64
		DebugGame|Win64 = DebugGame|Win64
		Development Editor|Android = Development Editor|Android
		Development Editor|Linux = Development Editor|Linux
		Development Editor|LinuxArm64 = Development Editor|LinuxArm64
		Development Editor|Win64 = Development Editor|Win64
		Development|Android = Development|Android
		Development|Linux = Development|Linux
		Development|LinuxArm64 = Development|LinuxArm64
		Development|Win64 = Development|Win64
		Shipping|Android = Shipping|Android
		Shipping|Linux = Shipping|Linux
		Shipping|LinuxArm64 = Shipping|LinuxArm64
		Shipping|Win64 = Shipping|Win64
	EndGlobalSection
	# UnrealVS Section
	GlobalSection(ddbf523f-7eb6-4887-bd51-85a714ff87eb) = preSolution
		AvailablePlatforms=Win64;Android;Linux;LinuxArm64
	EndGlobalSection
	GlobalSection(ProjectConfigurationPlatforms) = postSolution
		{C428849E-236A-3180-A5BB-69AB6E1FFD66}.DebugGame Editor|Android.ActiveCfg = BuiltWithUnrealBuildTool|Win64
		{C428849E-236A-3180-A5BB-69AB6E1FFD66}.DebugGame Editor|Linux.ActiveCfg = BuiltWithUnrealBuildTool|Win64
		{C428849E-236A-3180-A5BB-69AB6E1FFD66}.DebugGame Editor|LinuxArm64.ActiveCfg = BuiltWithUnrealBuildTool|Win64
		{C428849E-236A-3180-A5BB-69AB6E1FFD66}.DebugGame Editor|Win64.ActiveCfg = BuiltWithUnrealBuildTool|Win64
		{C428849E-236A-3180-A5BB-69AB6E1FFD66}.DebugGame|Android.ActiveCfg = BuiltWithUnrealBuildTool|Win64
		{C428849E-236A-3180-A5BB-69AB6E1FFD66}.DebugGame|Linux.ActiveCfg = BuiltWithUnrealBuildTool|Win64
		{C428849E-236A-3180-A5BB-69AB6E1FFD66}.DebugGame|LinuxArm64.ActiveCfg = BuiltWithUnrealBuildTool|Win64
		{C428849E-236A-3180-A5BB-69AB6E1FFD66}.DebugGame|Win64.ActiveCfg = BuiltWithUnrealBuildTool|Win64
		{C428849E-236A-3180-A5BB-69AB6E1FFD66}.Development Editor|Android.ActiveCfg = BuiltWithUnrealBuildTool|Win64
		{C428849E-236A-3180-A5BB-69AB6E1FFD66}.Development Editor|Linux.ActiveCfg = BuiltWithUnrealBuildTool|Win64
		{C428849E-236A-3180-A5BB-69AB6E1FFD66}.Development Editor|LinuxArm64.ActiveCfg = BuiltWithUnrealBuildTool|Win64
		{C428849E-236A-3180-A5BB-69AB6E1FFD66}.Development Editor|Win64.ActiveCfg = BuiltWithUnrealBuildTool|Win64
		{C428849E-236A-3180-A5BB-69AB6E1FFD66}.Development|Android.ActiveCfg = BuiltWithUnrealBuildTool|Win64
		{C428849E-236A-3180-A5BB-69AB6E1FFD66}.Development|Linux.ActiveCfg = BuiltWithUnrealBuildTool|Win64
		{C428849E-236A-3180-A5BB-69AB6E1FFD66}.Development|LinuxArm64.ActiveCfg = BuiltWithUnrealBuildTool|Win64
		{C428849E-236A-3180-A5BB-69AB6E1FFD66}.Development|Win64.ActiveCfg = BuiltWithUnrealBuildTool|Win64
		{C428849E-236A-3180-A5BB-69AB6E1FFD66}.Shipping|Android.ActiveCfg = BuiltWithUnrealBuildTool|Win64
		{C428849E-236A-3180-A5BB-69AB6E1FFD66}.Shipping|Linux.ActiveCfg = BuiltWithUnrealBuildTool|Win64
		{C428849E-236A-3180-A5BB-69AB6E1FFD66}.Shipping|LinuxArm64.ActiveCfg = BuiltWithUnrealBuildTool|Win64
		{C428849E-236A-3180-A5BB-69AB6E1FFD66}.Shipping|Win64.ActiveCfg = BuiltWithUnrealBuildTool|Win64
		{E2FFC063-DBD5-39A3-92F0-A0DA419D95B6}.DebugGame Editor|Android.ActiveCfg = Invalid|x64
		{E2FFC063-DBD5-39A3-92F0-A0DA419D95B6}.DebugGame Editor|Linux.ActiveCfg = Linux_DebugGame_Editor|Win64
		{E2FFC063-DBD5-39A3-92F0-A0DA419D95B6}.DebugGame Editor|Linux.Build.0 = Linux_DebugGame_Editor|Win64
		{E2FFC063-DBD5-39A3-92F0-A0DA419D95B6}.DebugGame Editor|LinuxArm64.ActiveCfg = Invalid|x64
		{E2FFC063-DBD5-39A3-92F0-A0DA419D95B6}.DebugGame Editor|Win64.ActiveCfg = DebugGame_Editor|x64
		{E2FFC063-DBD5-39A3-92F0-A0DA419D95B6}.DebugGame Editor|Win64.Build.0 = DebugGame_Editor|x64
		{E2FFC063-DBD5-39A3-92F0-A0DA419D95B6}.DebugGame|Android.ActiveCfg = Android_DebugGame|Win64
		{E2FFC063-DBD5-39A3-92F0-A0DA419D95B6}.DebugGame|Android.Build.0 = Android_DebugGame|Win64
		{E2FFC063-DBD5-39A3-92F0-A0DA419D95B6}.DebugGame|Linux.ActiveCfg = Linux_DebugGame|Win64
		{E2FFC063-DBD5-39A3-92F0-A0DA419D95B6}.DebugGame|Linux.Build.0 = Linux_DebugGame|Win64
		{E2FFC063-DBD5-39A3-92F0-A0DA419D95B6}.DebugGame|LinuxArm64.ActiveCfg = LinuxArm64_DebugGame|Win64
		{E2FFC063-DBD5-39A3-92F0-A0DA419D95B6}.DebugGame|LinuxArm64.Build.0 = LinuxArm64_DebugGame|Win64
		{E2FFC063-DBD5-39A3-92F0-A0DA419D95B6}.DebugGame|Win64.ActiveCfg = DebugGame|x64
		{E2FFC063-DBD5-39A3-92F0-A0DA419D95B6}.DebugGame|Win64.Build.0 = DebugGame|x64
		{E2FFC063-DBD5-39A3-92F0-A0DA419D95B6}.Development Editor|Android.ActiveCfg = Invalid|x64
		{E2FFC063-DBD5-39A3-92F0-A0DA419D95B6}.Development Editor|Linux.ActiveCfg = Linux_Development_Editor|Win64
		{E2FFC063-DBD5-39A3-92F0-A0DA419D95B6}.Development Editor|Linux.Build.0 = Linux_Development_Editor|Win64
		{E2FFC063-DBD5-39A3-92F0-A0DA419D95B6}.Development Editor|LinuxArm64.ActiveCfg = Invalid|x64
		{E2FFC063-DBD5-39A3-92F0-A0DA419D95B6}.Development Editor|Win64.ActiveCfg = Development_Editor|x64
		{E2FFC063-DBD5-39A3-92F0-A0DA419D95B6}.Development Editor|Win64.Build.0 = Development_Editor|x64
		{E2FFC063-DBD5-39A3-92F0-A0DA419D95B6}.Development|Android.ActiveCfg = Android_Development|Win64
		{E2FFC063-DBD5-39A3-92F0-A0DA419D95B6}.Development|Android.Build.0 = Android_Development|Win64
		{E2FFC063-DBD5-39A3-92F0-A0DA419D95B6}.Development|Linux.ActiveCfg = Linux_Development|Win64
		{E2FFC063-DBD5-39A3-92F0-A0DA419D95B6}.Development|Linux.Build.0 = Linux_Development|Win64
		{E2FFC063-DBD5-39A3-92F0-A0DA419D95B6}.Development|LinuxArm64.ActiveCfg = LinuxArm64_Development|Win64
		{E2FFC063-DBD5-39A3-92F0-A0DA419D95B6}.Development|LinuxArm64.Build.0 = LinuxArm64_Development|Win64
		{E2FFC063-DBD5-39A3-92F0-A0DA419D95B6}.Development|Win64.ActiveCfg = Development|x64
		{E2FFC063-DBD5-39A3-92F0-A0DA419D95B6}.Development|Win64.Build.0 = Development|x64
		{E2FFC063-DBD5-39A3-92F0-A0DA419D95B6}.Shipping|Android.ActiveCfg = Android_Shipping|Win64
		{E2FFC063-DBD5-39A3-92F0-A0DA419D95B6}.Shipping|Android.Build.0 = Android_Shipping|Win64
		{E2FFC063-DBD5-39A3-92F0-A0DA419D95B6}.Shipping|Linux.ActiveCfg = Linux_Shipping|Win64
		{E2FFC063-DBD5-39A3-92F0-A0DA419D95B6}.Shipping|Linux.Build.0 = Linux_Shipping|Win64
		{E2FFC063-DBD5-39A3-92F0-A0DA419D95B6}.Shipping|LinuxArm64.ActiveCfg = LinuxArm64_Shipping|Win64
		{E2FFC063-DBD5-39A3-92F0-A0DA419D95B6}.Shipping|LinuxArm64.Build.0 = LinuxArm64_Shipping|Win64
		{E2FFC063-DBD5-39A3-92F0-A0DA419D95B6}.Shipping|Win64.ActiveCfg = Shipping|x64
		{E2FFC063-DBD5-39A3-92F0-A0DA419D95B6}.Shipping|Win64.Build.0 = Shipping|x64
	EndGlobalSection
	GlobalSection(SolutionProperties) = preSolution
		HideSolutionNode = FALSE
	EndGlobalSection
	GlobalSection(NestedProjects) = preSolution
		{C428849E-236A-3180-A5BB-69AB6E1FFD66} = {233774A8-CC9D-3FA9-86D1-90573E92B704}
		{E2FFC063-DBD5-39A3-92F0-A0DA419D95B6} = {DE1F8B53-6C02-3C13-9101-A7C8D96F3FF6}
	EndGlobalSection
EndGlobal
